dependencies:
  espressif/cmake_utilities:
    component_hash: 351350613ceafba240b761b4ea991e0f231ac7a9f59a9ee901f751bddc0bb18f
    dependencies:
    - name: idf
      require: private
      version: '>=4.1'
    source:
      registry_url: https://components.espressif.com
      type: service
    version: 0.5.3
  espressif/dl_fft:
    component_hash: a955ca29581de2177ddf25759273bd83f082b3c805e735fe6ee105858643989b
    dependencies:
    - name: idf
      require: private
      version: '>=5.0'
    source:
      registry_url: https://components.espressif.com
      type: service
    version: 0.6.0
  espressif/es7210:
    component_hash: 761ac59d31d8babb01f6338045cc877f2a75027bae9823a4e4d0b6e5b6f63faf
    dependencies:
    - name: idf
      require: private
      version: '>=4.4,<6.0'
    source:
      registry_url: https://components.espressif.com/
      type: service
    version: 1.0.1~1
  espressif/es8311:
    component_hash: 46b3117250344bb03f143d5e2becf81cfb111679fbd7b95cefc2d302d36cc393
    dependencies:
    - name: idf
      require: private
      version: '>=4.4,<6.0'
    source:
      registry_url: https://components.espressif.com/
      type: service
    version: 1.0.0~1
  espressif/esp-dsp:
    component_hash: 619639efc18cfa361a9e423739b9b0ffc14991effc6c027f955c2f2c3bf1754b
    dependencies:
    - name: idf
      require: private
      version: '>=4.2'
    source:
      registry_url: https://components.espressif.com
      type: service
    version: 1.6.0
  espressif/esp-sr:
    component_hash: 12733d9b4aef5d5e295f35c4671835d605992d00583fcd2f8d21166f62c6b071
    dependencies:
    - name: espressif/dl_fft
      registry_url: https://components.espressif.com
      require: private
      version: '>=0.2.0'
    - name: espressif/esp-dsp
      registry_url: https://components.espressif.com
      require: private
      version: 1.6.0
    - name: idf
      require: private
      version: '>=5.0'
    source:
      registry_url: https://components.espressif.com
      type: service
    version: 2.1.5
  espressif/esp32-camera:
    component_hash: bc9c8a6b51df777a014fa295825b3de5069bc0300c317acff20c97cf4a10ac7d
    dependencies:
    - name: espressif/esp_jpeg
      registry_url: https://components.espressif.com
      require: public
      version: ^1.3.1
    - name: idf
      require: private
      version: '>=5.1'
    source:
      registry_url: https://components.espressif.com
      type: service
    version: 2.1.7
  espressif/esp_audio_codec:
    component_hash: 04c2f0d5eca207cdfabd3aafc50ef4bca53532115ddf7689e5cfabd00eb88b02
    dependencies:
    - name: idf
      require: private
      version: '>=4.4'
    source:
      registry_url: https://components.espressif.com
      type: service
    version: 2.3.0
  espressif/esp_audio_effects:
    component_hash: 54af7c9a4f40703325482660ffb3a8b5f66fa56cb92f6db220f8b11ec2b6a32b
    dependencies: []
    source:
      registry_url: https://components.espressif.com
      type: service
    version: 1.1.0
  espressif/esp_cam_sensor:
    component_hash: db5b1c725799dced61e7b100dc027e1e59558c9973d7e1ed8ce42a5ec89da31c
    dependencies:
    - name: espressif/cmake_utilities
      registry_url: https://components.espressif.com
      require: private
      version: 0.*
    - name: espressif/esp_sccb_intf
      registry_url: https://components.espressif.com
      require: private
      version: '>=0.0.5'
    - name: idf
      require: private
      version: '>=5.3'
    source:
      registry_url: https://components.espressif.com
      type: service
    targets:
    - esp32p4
    - esp32s3
    - esp32c3
    - esp32c5
    - esp32c6
    - esp32c61
    version: 1.7.0
  espressif/esp_capture:
    component_hash: 07a9a270cae9ffee5cc76635b8434f869d475cee3134a23216c2a7438aa4fb3f
    dependencies:
    - name: espressif/cmake_utilities
      registry_url: https://components.espressif.com
      require: private
      version: 0.*
    - name: espressif/esp-sr
      registry_url: https://components.espressif.com
      require: private
      version: 2.1.5
    - name: espressif/esp32-camera
      registry_url: https://components.espressif.com
      require: private
      rules:
      - if: target in [esp32s3, esp32s2]
      version: ^2.0
    - name: espressif/esp_codec_dev
      registry_url: https://components.espressif.com
      require: private
      version: ^1.3
    - name: espressif/esp_muxer
      registry_url: https://components.espressif.com
      require: private
      version: ^1.2
    - name: espressif/esp_video
      registry_url: https://components.espressif.com
      require: private
      rules:
      - if: target in [esp32p4, esp32s3, esp32c3, esp32c5, esp32c6, esp32c61]
      version: ^1.0
    - name: espressif/gmf_audio
      registry_url: https://components.espressif.com
      require: private
      version: ^0.7
    - name: espressif/gmf_video
      registry_url: https://components.espressif.com
      require: private
      version: ^0.7
    - name: idf
      require: private
      version: '>=4.4'
    source:
      registry_url: https://components.espressif.com
      type: service
    version: 0.7.11
  espressif/esp_codec_dev:
    component_hash: 3a1df01ee46d64c55155341bb6f4834db33db7dbd9b637e476e1eab64d01295a
    dependencies:
    - name: idf
      require: private
      version: '>=4.0'
    source:
      registry_url: https://components.espressif.com/
      type: service
    version: 1.4.0
  espressif/esp_h264:
    component_hash: 0b3524f8517d63f9d4bfc8481dcd325e9cbdb0c8a97e66dbd56df74fed193f8b
    dependencies:
    - name: idf
      require: private
      version: '>=4.4'
    source:
      registry_url: https://components.espressif.com
      type: service
    targets:
    - esp32s3
    - esp32s31
    - esp32p4
    version: 1.3.8
  espressif/esp_image_effects:
    component_hash: a35037db02862d3cef6f72c25f422ae62da6e6c88219ce03c9ea24e0315ceaaa
    dependencies:
    - name: idf
      require: private
      version: '>=5.0'
    source:
      registry_url: https://components.espressif.com
      type: service
    version: 1.0.1
  espressif/esp_jpeg:
    component_hash: defb83669293cbf86d0fa86b475ba5517aceed04ed70db435388c151ab37b5d7
    dependencies:
    - name: idf
      require: private
      version: '>=5.0'
    source:
      registry_url: https://components.espressif.com
      type: service
    version: 1.3.1
  espressif/esp_libsrtp:
    component_hash: 131560184c73ec09f77d8904a2db709307803f0f9f111898921b6966776eac15
    dependencies: []
    source:
      registry_url: https://components.espressif.com
      type: service
    version: 1.0.0
  espressif/esp_muxer:
    component_hash: 7de5d869121f8decaf4dd1dcaf0d7ffa9be0e9bd58be55dcf544eac4958a61ef
    dependencies: []
    source:
      registry_url: https://components.espressif.com
      type: service
    version: 1.2.3
  espressif/esp_new_jpeg:
    component_hash: e1e7e6991193c41ed6c9fc386702aa7821433319e7aa9c3147cd3236310cd69c
    dependencies: []
    source:
      registry_url: https://components.espressif.com
      type: service
    targets:
    - esp32
    - esp32s2
    - esp32s3
    - esp32s31
    - esp32p4
    - esp32c2
    - esp32c3
    - esp32c5
    - esp32c6
    - esp32c61
    - esp32h4
    version: 1.0.2
  espressif/esp_peer:
    component_hash: d6389ca3d0a218405a6d8a8a1afd67a4a47bd2657221f23e83bd537d770e7e3c
    dependencies:
    - name: espressif/esp_libsrtp
      registry_url: https://components.espressif.com
      require: private
      version: ^1.0.0
    source:
      registry_url: https://components.espressif.com
      type: service
    version: 1.4.2
  espressif/esp_sccb_intf:
    component_hash: eb6a7d5c992f09583c163b2e3f5e95a0fdc87a2d9f8e026f3e59153935553889
    dependencies:
    - name: idf
      require: private
      version: '>=5.3'
    source:
      registry_url: https://components.espressif.com
      type: service
    version: 0.0.9
  espressif/esp_video:
    component_hash: 2239aed49fa4eb1efdf3b0c2b95b05c03fc8b363c101bc2cd70f5e3bcd3c7cc4
    dependencies:
    - name: espressif/cmake_utilities
      registry_url: https://components.espressif.com
      require: private
      version: 0.*
    - name: espressif/esp_cam_sensor
      registry_url: https://components.espressif.com
      require: private
      version: 1.7.*
    - name: espressif/esp_h264
      registry_url: https://components.espressif.com
      require: private
      rules:
      - if: target in [esp32p4]
      version: 1.0.4
    - name: espressif/esp_ipa
      registry_url: https://components.espressif.com
      require: private
      rules:
      - if: target in [esp32p4]
      version: 1.3.*
    - name: idf
      require: private
      version: '>=5.4'
    - name: espressif/usb_host_uvc
      registry_url: https://components.espressif.com
      require: private
      rules:
      - if: target in [esp32p4, esp32s3]
      version: 2.4.*
    source:
      registry_url: https://components.espressif.com
      type: service
    targets:
    - esp32p4
    - esp32s3
    - esp32c3
    - esp32c5
    - esp32c6
    - esp32c61
    version: 1.4.1
  espressif/esp_video_codec:
    component_hash: a099580026841dc85398afb0526375368d5f61238cdb954f69998dcaa07bb9ed
    dependencies:
    - name: espressif/esp_h264
      registry_url: https://components.espressif.com
      require: private
      rules:
      - if: target in [esp32p4, esp32s3, esp32s31]
      version: '*'
    - name: espressif/esp_new_jpeg
      registry_url: https://components.espressif.com
      require: private
      rules:
      - if: target in [esp32, esp32s2, esp32s3, esp32p4, esp32c2, esp32c3, esp32c5, esp32c6, esp32c61, esp32h4, esp32s31]
      version: '*'
    - name: idf
      require: private
      version: '>=4.4'
    source:
      registry_url: https://components.espressif.com
      type: service
    version: 0.5.5
  espressif/esp_websocket_client:
    component_hash: 3fb288702517ef4d75bf933a115f1056ee0c2540d964f9e1d856e0bb67e1dfeb
    dependencies:
    - name: idf
      require: private
      version: '>=5.0'
    source:
      registry_url: https://components.espressif.com
      type: service
    version: 1.7.0
  espressif/gmf_audio:
    component_hash: 7d51b18cbfe05670d92e63f87538c795ce0e9350c86e278996d51c09aa4b30e8
    dependencies:
    - name: espressif/esp_audio_codec
      registry_url: https://components.espressif.com
      require: private
      version: ~2.3
    - name: espressif/esp_audio_effects
      registry_url: https://components.espressif.com
      require: private
      version: ~1.1
    - name: espressif/gmf_core
      registry_url: https://components.espressif.com
      require: private
      version: ^0.7
    source:
      registry_url: https://components.espressif.com
      type: service
    version: 0.7.2
  espressif/gmf_core:
    component_hash: f9a6459cceae333fe914630138c13ae3dcc28f7cb6f68c664a05817eb8e96301
    dependencies: []
    source:
      registry_url: https://components.espressif.com
      type: service
    version: 0.7.10
  espressif/gmf_video:
    component_hash: f846518801ae7e748ecde24e5ac4b21518ca42fffb533b9d9d67a4cd7ed2c3b8
    dependencies:
    - name: espressif/esp_image_effects
      registry_url: https://components.espressif.com
      require: private
      version: ~1.0.0
    - name: espressif/esp_video_codec
      registry_url: https://components.espressif.com
      require: private
      version: ~0.5.2
    - name: espressif/gmf_core
      registry_url: https://components.espressif.com
      require: private
      version: ~0.7.0
    source:
      registry_url: https://components.espressif.com
      type: service
    version: 0.7.1
  espressif/usb_host_uvc:
    component_hash: f20c4e4dea50536e2e29daaf589b5f5984402284c155867daef27d6b64869f78
    dependencies:
    - name: idf
      require: private
      version: '>=5.0'
    - name: espressif/usb
      registry_url: https://components.espressif.com
      require: public
      rules:
      - if: idf_version >=6.0
      - if: target not in ["linux"]
      version: ^1.0.0
    source:
      registry_url: https://components.espressif.com
      type: service
    targets:
    - esp32s2
    - esp32s3
    - esp32p4
    - esp32h4
    - linux
    version: 2.4.2
  idf:
    source:
      type: idf
    version: 5.4.4
  livekit/example_utils:
    component_hash: ff95b8f3425c8cb4aa9d3dacf9560679b0f7fc61af880f1648647468af1c3796
    dependencies:
    - name: espressif/ethernet_init
      registry_url: https://components.espressif.com
      require: private
      rules:
      - if: idf_version >=5.4.3,!=5.5.0,!=5.5.1 && target in [esp32p4]
      version: 1.2.0
    - name: idf
      require: private
      version: '>=5.4'
    source:
      registry_url: https://components.espressif.com/
      type: service
    version: 0.2.0
  livekit/khash:
    component_hash: 54bb18f2b0b44fdb6d30eca8ee1bbd0e9094086e46226917e83220dde4ce65ca
    dependencies: []
    source:
      registry_url: https://components.espressif.com
      type: service
    version: 0.2.8
  livekit/livekit:
    component_hash: 8ea93a0fec163e653631b1e5ceffe694580fc46e2a9034b269f4a2a28a3d1c2e
    dependencies:
    - name: espressif/esp_capture
      registry_url: https://components.espressif.com
      require: public
      version: ~0.7
    - name: espressif/esp_peer
      registry_url: https://components.espressif.com
      require: private
      version: ~1.4.2
    - name: espressif/esp_websocket_client
      registry_url: https://components.espressif.com
      require: private
      version: ~1.7.0
    - name: idf
      require: private
      version: '>=5.4'
    - name: livekit/khash
      registry_url: https://components.espressif.com
      require: private
      version: ~0.2.8
    - name: livekit/nanopb
      registry_url: https://components.espressif.com
      require: private
      version: ~0.4.9
    - name: tempotian/av_render
      registry_url: https://components.espressif.com
      require: public
      version: ~0.9.1
    - name: tempotian/media_lib_sal
      registry_url: https://components.espressif.com
      require: private
      version: ~0.9.1
    source:
      registry_url: https://components.espressif.com/
      type: service
    targets:
    - esp32s3
    - esp32p4
    version: 0.3.10
  livekit/nanopb:
    component_hash: 5b3bd915d2eb2ad1a7bb4a3ca655c40f31bab5f4f48e75ec04e300dc9ab78f4d
    dependencies: []
    source:
      registry_url: https://components.espressif.com
      type: service
    version: 0.4.9
  livekit/sandbox_token:
    component_hash: 0d1c86cea65791724e22b24f82c37f8c9bd604c2721af4578e6c454c1b7f28fd
    dependencies:
    - name: idf
      require: private
      version: '>=5.4'
    source:
      registry_url: https://components.espressif.com/
      type: service
    version: 0.1.0
  tempotian/av_render:
    component_hash: 285f7e8cf160dbb53bb95e7847cb2ca6080939178cc67a455fe7a50913ee45e4
    dependencies:
    - name: espressif/esp_audio_codec
      registry_url: https://components.espressif.com
      require: private
      version: ~2.3.0
    - name: espressif/esp_audio_effects
      registry_url: https://components.espressif.com
      require: private
      version: ~1.1.0
    - name: espressif/esp_codec_dev
      registry_url: https://components.espressif.com
      require: private
      version: ~1.4
    - name: espressif/esp_video_codec
      registry_url: https://components.espressif.com
      require: private
      version: ~0.5.2
    - name: tempotian/media_lib_sal
      registry_url: https://components.espressif.com
      require: private
      version: ~0.9
    source:
      registry_url: https://components.espressif.com
      type: service
    version: 0.9.1
  tempotian/media_lib_sal:
    component_hash: 6e7f5b5bf826e3e133162099c6e041559f19675fcbec214f7f92bba21708a004
    dependencies: []
    source:
      registry_url: https://components.espressif.com
      type: service
    version: 0.9.1
direct_dependencies:
- espressif/es7210
- espressif/es8311
- espressif/esp_codec_dev
- idf
- livekit/example_utils
- livekit/livekit
- livekit/sandbox_token
manifest_hash: 3ed54d19d0b19467c7619c51c4fda0c7a4c87121d46fcbb849e089ea2a086c57
target: esp32s3
version: 2.0.0
